
Microsoft Visual Studio Solution File, Format Version 12.00
# Visual Studio Version 16
VisualStudioVersion = 16.0.32228.343
MinimumVisualStudioVersion = 10.0.40219.1
Project("{FAE04EC0-301F-11D3-BF4B-00C04F79EFBC}") = "Prob10950", "Prob10950\Prob10950.csproj", "{2D0E8142-28B7-48ED-9D0A-064826994D16}"
EndProject
Global
	GlobalSection(SolutionConfigurationPlatforms) = preSolution
		Debug|Any CPU = Debug|Any CPU
		Release|Any CPU = Release|Any CPU
	EndGlobalSection
	GlobalSection(ProjectConfigurationPlatforms) = postSolution
		{2D0E8142-28B7-48ED-9D0A-064826994D16}.Debug|Any CPU.ActiveCfg = Debug|Any CPU
		{2D0E8142-28B7-48ED-9D0A-064826994D16}.Debug|Any CPU.Build.0 = Debug|Any CPU
		{2D0E8142-28B7-48ED-9D0A-064826994D16}.Release|Any CPU.ActiveCfg = Release|Any CPU
		{2D0E8142-28B7-48ED-9D0A-064826994D16}.Release|Any CPU.Build.0 = Release|Any CPU
	EndGlobalSection
	GlobalSection(SolutionProperties) = preSolution
		HideSolutionNode = FALSE
	EndGlobalSection
	GlobalSection(ExtensibilityGlobals) = postSolution
		SolutionGuid = {DD705C81-0FC9-44F0-B39F-ED07F32489FA}
	EndGlobalSection
EndGlobal
