
Microsoft Visual Studio Solution File, Format Version 12.00
# Visual Studio Version 16
VisualStudioVersion = 16.0.32228.343
MinimumVisualStudioVersion = 10.0.40219.1
Project("{FAE04EC0-301F-11D3-BF4B-00C04F79EFBC}") = "Prob11021", "Prob11021\Prob11021.csproj", "{100575F3-04DD-464B-9771-430E02B985EE}"
EndProject
Global
	GlobalSection(SolutionConfigurationPlatforms) = preSolution
		Debug|Any CPU = Debug|Any CPU
		Release|Any CPU = Release|Any CPU
	EndGlobalSection
	GlobalSection(ProjectConfigurationPlatforms) = postSolution
		{100575F3-04DD-464B-9771-430E02B985EE}.Debug|Any CPU.ActiveCfg = Debug|Any CPU
		{100575F3-04DD-464B-9771-430E02B985EE}.Debug|Any CPU.Build.0 = Debug|Any CPU
		{100575F3-04DD-464B-9771-430E02B985EE}.Release|Any CPU.ActiveCfg = Release|Any CPU
		{100575F3-04DD-464B-9771-430E02B985EE}.Release|Any CPU.Build.0 = Release|Any CPU
	EndGlobalSection
	GlobalSection(SolutionProperties) = preSolution
		HideSolutionNode = FALSE
	EndGlobalSection
	GlobalSection(ExtensibilityGlobals) = postSolution
		SolutionGuid = {5E4E85AD-F1E6-4C4E-8E2E-AF4FDCD0DCD0}
	EndGlobalSection
EndGlobal
