
Microsoft Visual Studio Solution File, Format Version 12.00
# Visual Studio Version 16
VisualStudioVersion = 16.0.32228.343
MinimumVisualStudioVersion = 10.0.40219.1
Project("{FAE04EC0-301F-11D3-BF4B-00C04F79EFBC}") = "Prob1008", "Prob1008\Prob1008.csproj", "{78C3CFE3-E403-42FE-90FA-7ECDFD655090}"
EndProject
Global
	GlobalSection(SolutionConfigurationPlatforms) = preSolution
		Debug|Any CPU = Debug|Any CPU
		Release|Any CPU = Release|Any CPU
	EndGlobalSection
	GlobalSection(ProjectConfigurationPlatforms) = postSolution
		{78C3CFE3-E403-42FE-90FA-7ECDFD655090}.Debug|Any CPU.ActiveCfg = Debug|Any CPU
		{78C3CFE3-E403-42FE-90FA-7ECDFD655090}.Debug|Any CPU.Build.0 = Debug|Any CPU
		{78C3CFE3-E403-42FE-90FA-7ECDFD655090}.Release|Any CPU.ActiveCfg = Release|Any CPU
		{78C3CFE3-E403-42FE-90FA-7ECDFD655090}.Release|Any CPU.Build.0 = Release|Any CPU
	EndGlobalSection
	GlobalSection(SolutionProperties) = preSolution
		HideSolutionNode = FALSE
	EndGlobalSection
	GlobalSection(ExtensibilityGlobals) = postSolution
		SolutionGuid = {29B69E28-B162-4AB7-933E-E92C4988ACEC}
	EndGlobalSection
EndGlobal
