
Microsoft Visual Studio Solution File, Format Version 12.00
# Visual Studio Version 16
VisualStudioVersion = 16.0.32228.343
MinimumVisualStudioVersion = 10.0.40219.1
Project("{FAE04EC0-301F-11D3-BF4B-00C04F79EFBC}") = "Prob2947", "Prob2947\Prob2947.csproj", "{D36CA986-ABC5-462D-BC34-37BC01C70C25}"
EndProject
Global
	GlobalSection(SolutionConfigurationPlatforms) = preSolution
		Debug|Any CPU = Debug|Any CPU
		Release|Any CPU = Release|Any CPU
	EndGlobalSection
	GlobalSection(ProjectConfigurationPlatforms) = postSolution
		{D36CA986-ABC5-462D-BC34-37BC01C70C25}.Debug|Any CPU.ActiveCfg = Debug|Any CPU
		{D36CA986-ABC5-462D-BC34-37BC01C70C25}.Debug|Any CPU.Build.0 = Debug|Any CPU
		{D36CA986-ABC5-462D-BC34-37BC01C70C25}.Release|Any CPU.ActiveCfg = Release|Any CPU
		{D36CA986-ABC5-462D-BC34-37BC01C70C25}.Release|Any CPU.Build.0 = Release|Any CPU
	EndGlobalSection
	GlobalSection(SolutionProperties) = preSolution
		HideSolutionNode = FALSE
	EndGlobalSection
	GlobalSection(ExtensibilityGlobals) = postSolution
		SolutionGuid = {EABC00D0-5A16-4B9A-9FAC-4DAA64D5E3F7}
	EndGlobalSection
EndGlobal
