
Microsoft Visual Studio Solution File, Format Version 12.00
# Visual Studio Version 16
VisualStudioVersion = 16.0.32228.343
MinimumVisualStudioVersion = 10.0.40219.1
Project("{FAE04EC0-301F-11D3-BF4B-00C04F79EFBC}") = "Prob2438", "Prob2438\Prob2438.csproj", "{29421363-89BB-47DF-A809-CA999A527CF9}"
EndProject
Global
	GlobalSection(SolutionConfigurationPlatforms) = preSolution
		Debug|Any CPU = Debug|Any CPU
		Release|Any CPU = Release|Any CPU
	EndGlobalSection
	GlobalSection(ProjectConfigurationPlatforms) = postSolution
		{29421363-89BB-47DF-A809-CA999A527CF9}.Debug|Any CPU.ActiveCfg = Debug|Any CPU
		{29421363-89BB-47DF-A809-CA999A527CF9}.Debug|Any CPU.Build.0 = Debug|Any CPU
		{29421363-89BB-47DF-A809-CA999A527CF9}.Release|Any CPU.ActiveCfg = Release|Any CPU
		{29421363-89BB-47DF-A809-CA999A527CF9}.Release|Any CPU.Build.0 = Release|Any CPU
	EndGlobalSection
	GlobalSection(SolutionProperties) = preSolution
		HideSolutionNode = FALSE
	EndGlobalSection
	GlobalSection(ExtensibilityGlobals) = postSolution
		SolutionGuid = {A51235AE-D4BC-4AAC-B7EC-39AD0013415E}
	EndGlobalSection
EndGlobal
